// !$*UTF8*$!
{
	archiveVersion = 1;
	classes = {
	};
	objectVersion = 56;
	objects = {

/* Begin PBXBuildFile section */
		4CCEA9C762D8DF9570210ECE /* Pods_EventrrTests.framework in Frameworks */ = {isa = PBXBuildFile; fileRef = 8870DB42EDC71B99E755DD07 /* Pods_EventrrTests.framework */; };
		814019D18FA5DA93E38AFC50 /* Pods_Eventrr_EventrrUITests.framework in Frameworks */ = {isa = PBXBuildFile; fileRef = 0A931C3C419693C37B766EEB /* Pods_Eventrr_EventrrUITests.framework */; };
		D72230B72C654A9C0069E3E9 /* FirebaseModelConstants.swift in Sources */ = {isa = PBXBuildFile; fileRef = D72230B62C654A9C0069E3E9 /* FirebaseModelConstants.swift */; };
		D724583B2C77760400E93EB2 /* EventDetailsViewController.swift in Sources */ = {isa = PBXBuildFile; fileRef = D724583A2C77760400E93EB2 /* EventDetailsViewController.swift */; };
		D724583D2C7777FA00E93EB2 /* EventDetailsViewModel.swift in Sources */ = {isa = PBXBuildFile; fileRef = D724583C2C7777FA00E93EB2 /* EventDetailsViewModel.swift */; };
		D72B2F342C7AB713009094A1 /* MyEventsViewController.swift in Sources */ = {isa = PBXBuildFile; fileRef = D72B2F332C7AB713009094A1 /* MyEventsViewController.swift */; };
		D72B2F382C7AB812009094A1 /* MyEventsViewModel.swift in Sources */ = {isa = PBXBuildFile; fileRef = D72B2F372C7AB811009094A1 /* MyEventsViewModel.swift */; };
		D72B2F3A2C7AC011009094A1 /* MyEventFilter.swift in Sources */ = {isa = PBXBuildFile; fileRef = D72B2F392C7AC011009094A1 /* MyEventFilter.swift */; };
		D72DA08A2C6118AE0091D390 /* UserModel.swift in Sources */ = {isa = PBXBuildFile; fileRef = D72DA0892C6118AE0091D390 /* UserModel.swift */; };
		D72DA08C2C612D4F0091D390 /* NameAndRoleViewController.swift in Sources */ = {isa = PBXBuildFile; fileRef = D72DA08B2C612D4F0091D390 /* NameAndRoleViewController.swift */; };
		D72DA08E2C612D670091D390 /* NameAndRoleViewModel.swift in Sources */ = {isa = PBXBuildFile; fileRef = D72DA08D2C612D670091D390 /* NameAndRoleViewModel.swift */; };
		D73932B82C6659B30065597A /* HomeViewController.swift in Sources */ = {isa = PBXBuildFile; fileRef = D73932B72C6659B30065597A /* HomeViewController.swift */; };
		D73932BA2C665F320065597A /* HomeViewModel.swift in Sources */ = {isa = PBXBuildFile; fileRef = D73932B92C665F320065597A /* HomeViewModel.swift */; };
		D73932BC2C665F770065597A /* EventModel.swift in Sources */ = {isa = PBXBuildFile; fileRef = D73932BB2C665F770065597A /* EventModel.swift */; };
		D73932BE2C66832F0065597A /* CreateEventViewController.swift in Sources */ = {isa = PBXBuildFile; fileRef = D73932BD2C66832F0065597A /* CreateEventViewController.swift */; };
		D73932C82C66841C0065597A /* CreateEventViewModel.swift in Sources */ = {isa = PBXBuildFile; fileRef = D73932C72C66841C0065597A /* CreateEventViewModel.swift */; };
		D74E34F52C7356FA001BD75E /* EventTableViewCell.swift in Sources */ = {isa = PBXBuildFile; fileRef = D74E34F32C7356FA001BD75E /* EventTableViewCell.swift */; };
		D74E34F62C7356FA001BD75E /* EventTableViewCell.xib in Resources */ = {isa = PBXBuildFile; fileRef = D74E34F42C7356FA001BD75E /* EventTableViewCell.xib */; };
		D74E55ED2C6C1E03002E2936 /* LocationModel.swift in Sources */ = {isa = PBXBuildFile; fileRef = D74E55EC2C6C1E03002E2936 /* LocationModel.swift */; };
		D755D4822C605223006E21FC /* PopupService.swift in Sources */ = {isa = PBXBuildFile; fileRef = D755D4812C605223006E21FC /* PopupService.swift */; };
		D7594DE92C6FA7A500A682DF /* EventCategory.swift in Sources */ = {isa = PBXBuildFile; fileRef = D7594DE82C6FA7A500A682DF /* EventCategory.swift */; };
		D75CFC112C8252BD00F5F809 /* NetworkConnectionStatusService.swift in Sources */ = {isa = PBXBuildFile; fileRef = D75CFC102C8252BD00F5F809 /* NetworkConnectionStatusService.swift */; };
		D75CFC132C825F7D00F5F809 /* UserRealmModel.swift in Sources */ = {isa = PBXBuildFile; fileRef = D75CFC122C825F7D00F5F809 /* UserRealmModel.swift */; };
		D76D67EE2C5BDE2300F0B944 /* LoginViewController.swift in Sources */ = {isa = PBXBuildFile; fileRef = D76D67ED2C5BDE2300F0B944 /* LoginViewController.swift */; };
		D76D67F12C5C02D800F0B944 /* UITextFieldDesignable.swift in Sources */ = {isa = PBXBuildFile; fileRef = D76D67F02C5C02D800F0B944 /* UITextFieldDesignable.swift */; };
		D76D67F32C5C338000F0B944 /* SignupViewController.swift in Sources */ = {isa = PBXBuildFile; fileRef = D76D67F22C5C337F00F0B944 /* SignupViewController.swift */; };
		D76EF35C2C605F7C00E5889B /* LoginViewModel.swift in Sources */ = {isa = PBXBuildFile; fileRef = D76EF35B2C605F7C00E5889B /* LoginViewModel.swift */; };
		D76EF35E2C60611200E5889B /* SignupViewModel.swift in Sources */ = {isa = PBXBuildFile; fileRef = D76EF35D2C60611200E5889B /* SignupViewModel.swift */; };
		D77468FC2C7EAB4600F1037C /* RealmService.swift in Sources */ = {isa = PBXBuildFile; fileRef = D77468FB2C7EAB4600F1037C /* RealmService.swift */; };
		D77468FF2C7EAFFD00F1037C /* NotificationService.swift in Sources */ = {isa = PBXBuildFile; fileRef = D77468FE2C7EAFFD00F1037C /* NotificationService.swift */; };
		D77469012C7EDDF200F1037C /* EventRealmModel.swift in Sources */ = {isa = PBXBuildFile; fileRef = D77469002C7EDDF200F1037C /* EventRealmModel.swift */; };
		D77469032C7EE0C500F1037C /* EventAttendeeRealmModel.swift in Sources */ = {isa = PBXBuildFile; fileRef = D77469022C7EE0C500F1037C /* EventAttendeeRealmModel.swift */; };
		D779EB222C753424003B9170 /* UserProfileView.swift in Sources */ = {isa = PBXBuildFile; fileRef = D779EB212C753424003B9170 /* UserProfileView.swift */; };
		D783FD6C2C625FF10021F6CD /* Constants.swift in Sources */ = {isa = PBXBuildFile; fileRef = D783FD6B2C625FF10021F6CD /* Constants.swift */; };
		D78E9D122C738E0200BC7875 /* Events.storyboard in Resources */ = {isa = PBXBuildFile; fileRef = D78E9D112C738E0200BC7875 /* Events.storyboard */; };
		D79012E82C7DFFF100B1EFAF /* NoEventTableViewCell.xib in Resources */ = {isa = PBXBuildFile; fileRef = D79012E72C7DFFF100B1EFAF /* NoEventTableViewCell.xib */; };
		D79012E92C7DFFF100B1EFAF /* NoEventTableViewCell.swift in Sources */ = {isa = PBXBuildFile; fileRef = D79012E62C7DFFF100B1EFAF /* NoEventTableViewCell.swift */; };
		D79589A22C779D2700776B9A /* FormatUtility.swift in Sources */ = {isa = PBXBuildFile; fileRef = D79589A12C779D2700776B9A /* FormatUtility.swift */; };
		D79C11932C5D86A90090BCC3 /* ForgotPasswordViewController.swift in Sources */ = {isa = PBXBuildFile; fileRef = D79C11922C5D86A90090BCC3 /* ForgotPasswordViewController.swift */; };
		D79E40DF2C76253000306CB5 /* ProfileViewController.swift in Sources */ = {isa = PBXBuildFile; fileRef = D79E40DE2C76253000306CB5 /* ProfileViewController.swift */; };
		D79E40E12C7629E100306CB5 /* UserProfileViewModel.swift in Sources */ = {isa = PBXBuildFile; fileRef = D79E40E02C7629E100306CB5 /* UserProfileViewModel.swift */; };
		D79E40E32C7640C000306CB5 /* EditProfileView.swift in Sources */ = {isa = PBXBuildFile; fileRef = D79E40E22C7640C000306CB5 /* EditProfileView.swift */; };
		D79E40E52C7642B000306CB5 /* ChangePasswordView.swift in Sources */ = {isa = PBXBuildFile; fileRef = D79E40E42C7642B000306CB5 /* ChangePasswordView.swift */; };
		D7A85ECC2C76951800190FE0 /* ChangePasswordViewModel.swift in Sources */ = {isa = PBXBuildFile; fileRef = D7A85ECB2C76951800190FE0 /* ChangePasswordViewModel.swift */; };
		D7A85ECF2C769CA800190FE0 /* AuthError.swift in Sources */ = {isa = PBXBuildFile; fileRef = D7A85ECE2C769CA800190FE0 /* AuthError.swift */; };
		D7A85ED42C76B32400190FE0 /* EnvironmentValues+Extension.swift in Sources */ = {isa = PBXBuildFile; fileRef = D7A85ED32C76B32400190FE0 /* EnvironmentValues+Extension.swift */; };
		D7B1829F2C73AA3F00FFF764 /* ValidationUtility.swift in Sources */ = {isa = PBXBuildFile; fileRef = D7B1829E2C73AA3F00FFF764 /* ValidationUtility.swift */; };
		D7B182A22C73BF7A00FFF764 /* FilterTagCollectionViewCell.swift in Sources */ = {isa = PBXBuildFile; fileRef = D7B182A02C73BF7A00FFF764 /* FilterTagCollectionViewCell.swift */; };
		D7B182A32C73BF7A00FFF764 /* FilterTagCollectionViewCell.xib in Resources */ = {isa = PBXBuildFile; fileRef = D7B182A12C73BF7A00FFF764 /* FilterTagCollectionViewCell.xib */; };
		D7B323C82C85B8FF00EAB21D /* CreateEventViewModelTests.swift in Sources */ = {isa = PBXBuildFile; fileRef = D7B323C72C85B8FF00EAB21D /* CreateEventViewModelTests.swift */; };
		D7B323CA2C85DE3200EAB21D /* ChangePasswordViewModelTests.swift in Sources */ = {isa = PBXBuildFile; fileRef = D7B323C92C85DE3200EAB21D /* ChangePasswordViewModelTests.swift */; };
		D7B323CC2C85E1DC00EAB21D /* ValidationUtilityTests.swift in Sources */ = {isa = PBXBuildFile; fileRef = D7B323CB2C85E1DB00EAB21D /* ValidationUtilityTests.swift */; };
		D7BAA60E2C6B9ADA004F608E /* SetEventLocationViewController.swift in Sources */ = {isa = PBXBuildFile; fileRef = D7BAA60D2C6B9ADA004F608E /* SetEventLocationViewController.swift */; };
		D7C015AE2C7CBB40007B0F84 /* EventAttendeeModel.swift in Sources */ = {isa = PBXBuildFile; fileRef = D7C015AD2C7CBB40007B0F84 /* EventAttendeeModel.swift */; };
		D7CA65462C7D3A1E0050802F /* ForgotPasswordViewModel.swift in Sources */ = {isa = PBXBuildFile; fileRef = D7CA65452C7D3A1E0050802F /* ForgotPasswordViewModel.swift */; };
		D7D3F7702C59611600B05D28 /* AppDelegate.swift in Sources */ = {isa = PBXBuildFile; fileRef = D7D3F76F2C59611600B05D28 /* AppDelegate.swift */; };
		D7D3F7722C59611600B05D28 /* SceneDelegate.swift in Sources */ = {isa = PBXBuildFile; fileRef = D7D3F7712C59611600B05D28 /* SceneDelegate.swift */; };
		D7D3F7742C59611600B05D28 /* LaunchScreenViewController.swift in Sources */ = {isa = PBXBuildFile; fileRef = D7D3F7732C59611600B05D28 /* LaunchScreenViewController.swift */; };
		D7D3F7772C59611600B05D28 /* Main.storyboard in Resources */ = {isa = PBXBuildFile; fileRef = D7D3F7752C59611600B05D28 /* Main.storyboard */; };
		D7D3F7792C59611800B05D28 /* Assets.xcassets in Resources */ = {isa = PBXBuildFile; fileRef = D7D3F7782C59611800B05D28 /* Assets.xcassets */; };
		D7D3F77C2C59611800B05D28 /* LaunchScreen.storyboard in Resources */ = {isa = PBXBuildFile; fileRef = D7D3F77A2C59611800B05D28 /* LaunchScreen.storyboard */; };
		D7D3F7912C59611900B05D28 /* EventrrUITests.swift in Sources */ = {isa = PBXBuildFile; fileRef = D7D3F7902C59611900B05D28 /* EventrrUITests.swift */; };
		D7D3F7932C59611900B05D28 /* EventrrUITestsLaunchTests.swift in Sources */ = {isa = PBXBuildFile; fileRef = D7D3F7922C59611900B05D28 /* EventrrUITestsLaunchTests.swift */; };
		D7D3F7A12C596AFE00B05D28 /* FirebaseService.swift in Sources */ = {isa = PBXBuildFile; fileRef = D7D3F7A02C596AFE00B05D28 /* FirebaseService.swift */; };
		D7D3F7A32C596C2800B05D28 /* GoogleService-Info.plist in Resources */ = {isa = PBXBuildFile; fileRef = D7D3F7A22C596C2700B05D28 /* GoogleService-Info.plist */; };
		D7DC576A2C6A8564007C72D4 /* UserRole.swift in Sources */ = {isa = PBXBuildFile; fileRef = D7DC57692C6A8564007C72D4 /* UserRole.swift */; };
		D7DC576C2C6A8D0D007C72D4 /* UserService.swift in Sources */ = {isa = PBXBuildFile; fileRef = D7DC576B2C6A8D0D007C72D4 /* UserService.swift */; };
		D7FF40C72C766BCA00A31421 /* EditProfileViewModel.swift in Sources */ = {isa = PBXBuildFile; fileRef = D7FF40C62C766BCA00A31421 /* EditProfileViewModel.swift */; };
		D7FF40C92C76778900A31421 /* SwiftUIContants.swift in Sources */ = {isa = PBXBuildFile; fileRef = D7FF40C82C76778900A31421 /* SwiftUIContants.swift */; };
		EA65C524A81B9E5DBA7185B7 /* Pods_Eventrr.framework in Frameworks */ = {isa = PBXBuildFile; fileRef = A9A7000574C73307D6559008 /* Pods_Eventrr.framework */; };
/* End PBXBuildFile section */

/* Begin PBXContainerItemProxy section */
		D7D3F7832C59611900B05D28 /* PBXContainerItemProxy */ = {
			isa = PBXContainerItemProxy;
			containerPortal = D7D3F7642C59611600B05D28 /* Project object */;
			proxyType = 1;
			remoteGlobalIDString = D7D3F76B2C59611600B05D28;
			remoteInfo = Eventrr;
		};
		D7D3F78D2C59611900B05D28 /* PBXContainerItemProxy */ = {
			isa = PBXContainerItemProxy;
			containerPortal = D7D3F7642C59611600B05D28 /* Project object */;
			proxyType = 1;
			remoteGlobalIDString = D7D3F76B2C59611600B05D28;
			remoteInfo = Eventrr;
		};
/* End PBXContainerItemProxy section */

/* Begin PBXFileReference section */
		066E583310B0F22162F3A1DA /* Pods-Eventrr.release.xcconfig */ = {isa = PBXFileReference; includeInIndex = 1; lastKnownFileType = text.xcconfig; name = "Pods-Eventrr.release.xcconfig"; path = "Target Support Files/Pods-Eventrr/Pods-Eventrr.release.xcconfig"; sourceTree = "<group>"; };
		08C922D96E04A171CEFE6951 /* Pods-Eventrr-EventrrUITests.release.xcconfig */ = {isa = PBXFileReference; includeInIndex = 1; lastKnownFileType = text.xcconfig; name = "Pods-Eventrr-EventrrUITests.release.xcconfig"; path = "Target Support Files/Pods-Eventrr-EventrrUITests/Pods-Eventrr-EventrrUITests.release.xcconfig"; sourceTree = "<group>"; };
		0A931C3C419693C37B766EEB /* Pods_Eventrr_EventrrUITests.framework */ = {isa = PBXFileReference; explicitFileType = wrapper.framework; includeInIndex = 0; path = Pods_Eventrr_EventrrUITests.framework; sourceTree = BUILT_PRODUCTS_DIR; };
		2119FBBF3B0DA49C68DA15FA /* Pods-EventrrTests.debug.xcconfig */ = {isa = PBXFileReference; includeInIndex = 1; lastKnownFileType = text.xcconfig; name = "Pods-EventrrTests.debug.xcconfig"; path = "Target Support Files/Pods-EventrrTests/Pods-EventrrTests.debug.xcconfig"; sourceTree = "<group>"; };
		4DAD6956B89C9D7EDE32C7F1 /* Pods-Eventrr.debug.xcconfig */ = {isa = PBXFileReference; includeInIndex = 1; lastKnownFileType = text.xcconfig; name = "Pods-Eventrr.debug.xcconfig"; path = "Target Support Files/Pods-Eventrr/Pods-Eventrr.debug.xcconfig"; sourceTree = "<group>"; };
		8870DB42EDC71B99E755DD07 /* Pods_EventrrTests.framework */ = {isa = PBXFileReference; explicitFileType = wrapper.framework; includeInIndex = 0; path = Pods_EventrrTests.framework; sourceTree = BUILT_PRODUCTS_DIR; };
		A9A7000574C73307D6559008 /* Pods_Eventrr.framework */ = {isa = PBXFileReference; explicitFileType = wrapper.framework; includeInIndex = 0; path = Pods_Eventrr.framework; sourceTree = BUILT_PRODUCTS_DIR; };
		D46A6F822E29ED181B3647FD /* Pods-EventrrTests.release.xcconfig */ = {isa = PBXFileReference; includeInIndex = 1; lastKnownFileType = text.xcconfig; name = "Pods-EventrrTests.release.xcconfig"; path = "Target Support Files/Pods-EventrrTests/Pods-EventrrTests.release.xcconfig"; sourceTree = "<group>"; };
		D72230B62C654A9C0069E3E9 /* FirebaseModelConstants.swift */ = {isa = PBXFileReference; lastKnownFileType = sourcecode.swift; path = FirebaseModelConstants.swift; sourceTree = "<group>"; };
		D724583A2C77760400E93EB2 /* EventDetailsViewController.swift */ = {isa = PBXFileReference; lastKnownFileType = sourcecode.swift; path = EventDetailsViewController.swift; sourceTree = "<group>"; };
		D724583C2C7777FA00E93EB2 /* EventDetailsViewModel.swift */ = {isa = PBXFileReference; lastKnownFileType = sourcecode.swift; path = EventDetailsViewModel.swift; sourceTree = "<group>"; };
		D72B2F332C7AB713009094A1 /* MyEventsViewController.swift */ = {isa = PBXFileReference; lastKnownFileType = sourcecode.swift; path = MyEventsViewController.swift; sourceTree = "<group>"; };
		D72B2F372C7AB811009094A1 /* MyEventsViewModel.swift */ = {isa = PBXFileReference; lastKnownFileType = sourcecode.swift; path = MyEventsViewModel.swift; sourceTree = "<group>"; };
		D72B2F392C7AC011009094A1 /* MyEventFilter.swift */ = {isa = PBXFileReference; lastKnownFileType = sourcecode.swift; path = MyEventFilter.swift; sourceTree = "<group>"; };
		D72DA0892C6118AE0091D390 /* UserModel.swift */ = {isa = PBXFileReference; lastKnownFileType = sourcecode.swift; path = UserModel.swift; sourceTree = "<group>"; };
		D72DA08B2C612D4F0091D390 /* NameAndRoleViewController.swift */ = {isa = PBXFileReference; lastKnownFileType = sourcecode.swift; path = NameAndRoleViewController.swift; sourceTree = "<group>"; };
		D72DA08D2C612D670091D390 /* NameAndRoleViewModel.swift */ = {isa = PBXFileReference; lastKnownFileType = sourcecode.swift; path = NameAndRoleViewModel.swift; sourceTree = "<group>"; };
		D73932B72C6659B30065597A /* HomeViewController.swift */ = {isa = PBXFileReference; lastKnownFileType = sourcecode.swift; path = HomeViewController.swift; sourceTree = "<group>"; };
		D73932B92C665F320065597A /* HomeViewModel.swift */ = {isa = PBXFileReference; lastKnownFileType = sourcecode.swift; path = HomeViewModel.swift; sourceTree = "<group>"; };
		D73932BB2C665F770065597A /* EventModel.swift */ = {isa = PBXFileReference; lastKnownFileType = sourcecode.swift; path = EventModel.swift; sourceTree = "<group>"; };
		D73932BD2C66832F0065597A /* CreateEventViewController.swift */ = {isa = PBXFileReference; lastKnownFileType = sourcecode.swift; path = CreateEventViewController.swift; sourceTree = "<group>"; };
		D73932C72C66841C0065597A /* CreateEventViewModel.swift */ = {isa = PBXFileReference; lastKnownFileType = sourcecode.swift; path = CreateEventViewModel.swift; sourceTree = "<group>"; };
		D74E34F32C7356FA001BD75E /* EventTableViewCell.swift */ = {isa = PBXFileReference; lastKnownFileType = sourcecode.swift; path = EventTableViewCell.swift; sourceTree = "<group>"; };
		D74E34F42C7356FA001BD75E /* EventTableViewCell.xib */ = {isa = PBXFileReference; lastKnownFileType = file.xib; path = EventTableViewCell.xib; sourceTree = "<group>"; };
		D74E55EC2C6C1E03002E2936 /* LocationModel.swift */ = {isa = PBXFileReference; lastKnownFileType = sourcecode.swift; path = LocationModel.swift; sourceTree = "<group>"; };
		D755D4812C605223006E21FC /* PopupService.swift */ = {isa = PBXFileReference; lastKnownFileType = sourcecode.swift; path = PopupService.swift; sourceTree = "<group>"; };
		D7594DE82C6FA7A500A682DF /* EventCategory.swift */ = {isa = PBXFileReference; lastKnownFileType = sourcecode.swift; path = EventCategory.swift; sourceTree = "<group>"; };
		D75CFC102C8252BD00F5F809 /* NetworkConnectionStatusService.swift */ = {isa = PBXFileReference; lastKnownFileType = sourcecode.swift; path = NetworkConnectionStatusService.swift; sourceTree = "<group>"; };
		D75CFC122C825F7D00F5F809 /* UserRealmModel.swift */ = {isa = PBXFileReference; lastKnownFileType = sourcecode.swift; path = UserRealmModel.swift; sourceTree = "<group>"; };
		D76D67ED2C5BDE2300F0B944 /* LoginViewController.swift */ = {isa = PBXFileReference; lastKnownFileType = sourcecode.swift; path = LoginViewController.swift; sourceTree = "<group>"; };
		D76D67F02C5C02D800F0B944 /* UITextFieldDesignable.swift */ = {isa = PBXFileReference; lastKnownFileType = sourcecode.swift; path = UITextFieldDesignable.swift; sourceTree = "<group>"; };
		D76D67F22C5C337F00F0B944 /* SignupViewController.swift */ = {isa = PBXFileReference; lastKnownFileType = sourcecode.swift; path = SignupViewController.swift; sourceTree = "<group>"; };
		D76EF35B2C605F7C00E5889B /* LoginViewModel.swift */ = {isa = PBXFileReference; lastKnownFileType = sourcecode.swift; path = LoginViewModel.swift; sourceTree = "<group>"; };
		D76EF35D2C60611200E5889B /* SignupViewModel.swift */ = {isa = PBXFileReference; lastKnownFileType = sourcecode.swift; path = SignupViewModel.swift; sourceTree = "<group>"; };
		D77468FB2C7EAB4600F1037C /* RealmService.swift */ = {isa = PBXFileReference; lastKnownFileType = sourcecode.swift; path = RealmService.swift; sourceTree = "<group>"; };
		D77468FE2C7EAFFD00F1037C /* NotificationService.swift */ = {isa = PBXFileReference; lastKnownFileType = sourcecode.swift; path = NotificationService.swift; sourceTree = "<group>"; };
		D77469002C7EDDF200F1037C /* EventRealmModel.swift */ = {isa = PBXFileReference; lastKnownFileType = sourcecode.swift; path = EventRealmModel.swift; sourceTree = "<group>"; };
		D77469022C7EE0C500F1037C /* EventAttendeeRealmModel.swift */ = {isa = PBXFileReference; lastKnownFileType = sourcecode.swift; path = EventAttendeeRealmModel.swift; sourceTree = "<group>"; };
		D779EB212C753424003B9170 /* UserProfileView.swift */ = {isa = PBXFileReference; lastKnownFileType = sourcecode.swift; path = UserProfileView.swift; sourceTree = "<group>"; };
		D783FD6B2C625FF10021F6CD /* Constants.swift */ = {isa = PBXFileReference; lastKnownFileType = sourcecode.swift; path = Constants.swift; sourceTree = "<group>"; };
		D78E9D112C738E0200BC7875 /* Events.storyboard */ = {isa = PBXFileReference; fileEncoding = 4; lastKnownFileType = file.storyboard; path = Events.storyboard; sourceTree = "<group>"; };
		D79012E62C7DFFF100B1EFAF /* NoEventTableViewCell.swift */ = {isa = PBXFileReference; lastKnownFileType = sourcecode.swift; path = NoEventTableViewCell.swift; sourceTree = "<group>"; };
		D79012E72C7DFFF100B1EFAF /* NoEventTableViewCell.xib */ = {isa = PBXFileReference; lastKnownFileType = file.xib; path = NoEventTableViewCell.xib; sourceTree = "<group>"; };
		D79589A12C779D2700776B9A /* FormatUtility.swift */ = {isa = PBXFileReference; lastKnownFileType = sourcecode.swift; path = FormatUtility.swift; sourceTree = "<group>"; };
		D79C11922C5D86A90090BCC3 /* ForgotPasswordViewController.swift */ = {isa = PBXFileReference; lastKnownFileType = sourcecode.swift; path = ForgotPasswordViewController.swift; sourceTree = "<group>"; };
		D79E40DE2C76253000306CB5 /* ProfileViewController.swift */ = {isa = PBXFileReference; lastKnownFileType = sourcecode.swift; path = ProfileViewController.swift; sourceTree = "<group>"; };
		D79E40E02C7629E100306CB5 /* UserProfileViewModel.swift */ = {isa = PBXFileReference; lastKnownFileType = sourcecode.swift; path = UserProfileViewModel.swift; sourceTree = "<group>"; };
		D79E40E22C7640C000306CB5 /* EditProfileView.swift */ = {isa = PBXFileReference; lastKnownFileType = sourcecode.swift; path = EditProfileView.swift; sourceTree = "<group>"; };
		D79E40E42C7642B000306CB5 /* ChangePasswordView.swift */ = {isa = PBXFileReference; lastKnownFileType = sourcecode.swift; path = ChangePasswordView.swift; sourceTree = "<group>"; };
		D7A85ECB2C76951800190FE0 /* ChangePasswordViewModel.swift */ = {isa = PBXFileReference; lastKnownFileType = sourcecode.swift; path = ChangePasswordViewModel.swift; sourceTree = "<group>"; };
		D7A85ECE2C769CA800190FE0 /* AuthError.swift */ = {isa = PBXFileReference; lastKnownFileType = sourcecode.swift; path = AuthError.swift; sourceTree = "<group>"; };
		D7A85ED32C76B32400190FE0 /* EnvironmentValues+Extension.swift */ = {isa = PBXFileReference; lastKnownFileType = sourcecode.swift; path = "EnvironmentValues+Extension.swift"; sourceTree = "<group>"; };
		D7B1829E2C73AA3F00FFF764 /* ValidationUtility.swift */ = {isa = PBXFileReference; lastKnownFileType = sourcecode.swift; path = ValidationUtility.swift; sourceTree = "<group>"; };
		D7B182A02C73BF7A00FFF764 /* FilterTagCollectionViewCell.swift */ = {isa = PBXFileReference; lastKnownFileType = sourcecode.swift; path = FilterTagCollectionViewCell.swift; sourceTree = "<group>"; };
		D7B182A12C73BF7A00FFF764 /* FilterTagCollectionViewCell.xib */ = {isa = PBXFileReference; lastKnownFileType = file.xib; path = FilterTagCollectionViewCell.xib; sourceTree = "<group>"; };
		D7B323C72C85B8FF00EAB21D /* CreateEventViewModelTests.swift */ = {isa = PBXFileReference; lastKnownFileType = sourcecode.swift; path = CreateEventViewModelTests.swift; sourceTree = "<group>"; };
		D7B323C92C85DE3200EAB21D /* ChangePasswordViewModelTests.swift */ = {isa = PBXFileReference; lastKnownFileType = sourcecode.swift; path = ChangePasswordViewModelTests.swift; sourceTree = "<group>"; };
		D7B323CB2C85E1DB00EAB21D /* ValidationUtilityTests.swift */ = {isa = PBXFileReference; lastKnownFileType = sourcecode.swift; path = ValidationUtilityTests.swift; sourceTree = "<group>"; };
		D7BAA60D2C6B9ADA004F608E /* SetEventLocationViewController.swift */ = {isa = PBXFileReference; lastKnownFileType = sourcecode.swift; path = SetEventLocationViewController.swift; sourceTree = "<group>"; };
		D7C015AD2C7CBB40007B0F84 /* EventAttendeeModel.swift */ = {isa = PBXFileReference; lastKnownFileType = sourcecode.swift; path = EventAttendeeModel.swift; sourceTree = "<group>"; };
		D7CA65452C7D3A1E0050802F /* ForgotPasswordViewModel.swift */ = {isa = PBXFileReference; lastKnownFileType = sourcecode.swift; path = ForgotPasswordViewModel.swift; sourceTree = "<group>"; };
		D7D3F76C2C59611600B05D28 /* Eventrr.app */ = {isa = PBXFileReference; explicitFileType = wrapper.application; includeInIndex = 0; path = Eventrr.app; sourceTree = BUILT_PRODUCTS_DIR; };
		D7D3F76F2C59611600B05D28 /* AppDelegate.swift */ = {isa = PBXFileReference; lastKnownFileType = sourcecode.swift; path = AppDelegate.swift; sourceTree = "<group>"; };
		D7D3F7712C59611600B05D28 /* SceneDelegate.swift */ = {isa = PBXFileReference; lastKnownFileType = sourcecode.swift; path = SceneDelegate.swift; sourceTree = "<group>"; };
		D7D3F7732C59611600B05D28 /* LaunchScreenViewController.swift */ = {isa = PBXFileReference; lastKnownFileType = sourcecode.swift; path = LaunchScreenViewController.swift; sourceTree = "<group>"; };
		D7D3F7762C59611600B05D28 /* Base */ = {isa = PBXFileReference; lastKnownFileType = file.storyboard; name = Base; path = Base.lproj/Main.storyboard; sourceTree = "<group>"; };
		D7D3F7782C59611800B05D28 /* Assets.xcassets */ = {isa = PBXFileReference; lastKnownFileType = folder.assetcatalog; path = Assets.xcassets; sourceTree = "<group>"; };
		D7D3F77B2C59611800B05D28 /* Base */ = {isa = PBXFileReference; lastKnownFileType = file.storyboard; name = Base; path = Base.lproj/LaunchScreen.storyboard; sourceTree = "<group>"; };
		D7D3F77D2C59611800B05D28 /* Info.plist */ = {isa = PBXFileReference; lastKnownFileType = text.plist.xml; path = Info.plist; sourceTree = "<group>"; };
		D7D3F7822C59611900B05D28 /* EventrrTests.xctest */ = {isa = PBXFileReference; explicitFileType = wrapper.cfbundle; includeInIndex = 0; path = EventrrTests.xctest; sourceTree = BUILT_PRODUCTS_DIR; };
		D7D3F78C2C59611900B05D28 /* EventrrUITests.xctest */ = {isa = PBXFileReference; explicitFileType = wrapper.cfbundle; includeInIndex = 0; path = EventrrUITests.xctest; sourceTree = BUILT_PRODUCTS_DIR; };
		D7D3F7902C59611900B05D28 /* EventrrUITests.swift */ = {isa = PBXFileReference; lastKnownFileType = sourcecode.swift; path = EventrrUITests.swift; sourceTree = "<group>"; };
		D7D3F7922C59611900B05D28 /* EventrrUITestsLaunchTests.swift */ = {isa = PBXFileReference; lastKnownFileType = sourcecode.swift; path = EventrrUITestsLaunchTests.swift; sourceTree = "<group>"; };
		D7D3F7A02C596AFE00B05D28 /* FirebaseService.swift */ = {isa = PBXFileReference; lastKnownFileType = sourcecode.swift; path = FirebaseService.swift; sourceTree = "<group>"; };
		D7D3F7A22C596C2700B05D28 /* GoogleService-Info.plist */ = {isa = PBXFileReference; fileEncoding = 4; lastKnownFileType = text.plist.xml; path = "GoogleService-Info.plist"; sourceTree = "<group>"; };
		D7DC57692C6A8564007C72D4 /* UserRole.swift */ = {isa = PBXFileReference; lastKnownFileType = sourcecode.swift; path = UserRole.swift; sourceTree = "<group>"; };
		D7DC576B2C6A8D0D007C72D4 /* UserService.swift */ = {isa = PBXFileReference; lastKnownFileType = sourcecode.swift; path = UserService.swift; sourceTree = "<group>"; };
		D7FF40C62C766BCA00A31421 /* EditProfileViewModel.swift */ = {isa = PBXFileReference; lastKnownFileType = sourcecode.swift; path = EditProfileViewModel.swift; sourceTree = "<group>"; };
		D7FF40C82C76778900A31421 /* SwiftUIContants.swift */ = {isa = PBXFileReference; lastKnownFileType = sourcecode.swift; path = SwiftUIContants.swift; sourceTree = "<group>"; };
		FA1F22A282BD8556D430A697 /* Pods-Eventrr-EventrrUITests.debug.xcconfig */ = {isa = PBXFileReference; includeInIndex = 1; lastKnownFileType = text.xcconfig; name = "Pods-Eventrr-EventrrUITests.debug.xcconfig"; path = "Target Support Files/Pods-Eventrr-EventrrUITests/Pods-Eventrr-EventrrUITests.debug.xcconfig"; sourceTree = "<group>"; };
/* End PBXFileReference section */

/* Begin PBXFrameworksBuildPhase section */
		D7D3F7692C59611600B05D28 /* Frameworks */ = {
			isa = PBXFrameworksBuildPhase;
			buildActionMask = 2147483647;
			files = (
				EA65C524A81B9E5DBA7185B7 /* Pods_Eventrr.framework in Frameworks */,
			);
			runOnlyForDeploymentPostprocessing = 0;
		};
		D7D3F77F2C59611900B05D28 /* Frameworks */ = {
			isa = PBXFrameworksBuildPhase;
			buildActionMask = 2147483647;
			files = (
				4CCEA9C762D8DF9570210ECE /* Pods_EventrrTests.framework in Frameworks */,
			);
			runOnlyForDeploymentPostprocessing = 0;
		};
		D7D3F7892C59611900B05D28 /* Frameworks */ = {
			isa = PBXFrameworksBuildPhase;
			buildActionMask = 2147483647;
			files = (
				814019D18FA5DA93E38AFC50 /* Pods_Eventrr_EventrrUITests.framework in Frameworks */,
			);
			runOnlyForDeploymentPostprocessing = 0;
		};
/* End PBXFrameworksBuildPhase section */

/* Begin PBXGroup section */
		6030752CB6E31BDC5764FB49 /* Pods */ = {
			isa = PBXGroup;
			children = (
				4DAD6956B89C9D7EDE32C7F1 /* Pods-Eventrr.debug.xcconfig */,
				066E583310B0F22162F3A1DA /* Pods-Eventrr.release.xcconfig */,
				FA1F22A282BD8556D430A697 /* Pods-Eventrr-EventrrUITests.debug.xcconfig */,
				08C922D96E04A171CEFE6951 /* Pods-Eventrr-EventrrUITests.release.xcconfig */,
				2119FBBF3B0DA49C68DA15FA /* Pods-EventrrTests.debug.xcconfig */,
				D46A6F822E29ED181B3647FD /* Pods-EventrrTests.release.xcconfig */,
			);
			path = Pods;
			sourceTree = "<group>";
		};
		CE04B910942D28C500A42645 /* Frameworks */ = {
			isa = PBXGroup;
			children = (
				A9A7000574C73307D6559008 /* Pods_Eventrr.framework */,
				0A931C3C419693C37B766EEB /* Pods_Eventrr_EventrrUITests.framework */,
				8870DB42EDC71B99E755DD07 /* Pods_EventrrTests.framework */,
			);
			name = Frameworks;
			sourceTree = "<group>";
		};
		D72B2F352C7AB7C1009094A1 /* UserProfile */ = {
			isa = PBXGroup;
			children = (
				D779EB1E2C74F90F003B9170 /* SwiftUI Views */,
			);
			path = UserProfile;
			sourceTree = "<group>";
		};
		D73932C32C6683A80065597A /* Authentication */ = {
			isa = PBXGroup;
			children = (
				D76EF35B2C605F7C00E5889B /* LoginViewModel.swift */,
				D76EF35D2C60611200E5889B /* SignupViewModel.swift */,
				D72DA08D2C612D670091D390 /* NameAndRoleViewModel.swift */,
				D7CA65452C7D3A1E0050802F /* ForgotPasswordViewModel.swift */,
			);
			path = Authentication;
			sourceTree = "<group>";
		};
		D73932C42C6683C40065597A /* Events */ = {
			isa = PBXGroup;
			children = (
				D73932B92C665F320065597A /* HomeViewModel.swift */,
				D72B2F372C7AB811009094A1 /* MyEventsViewModel.swift */,
				D724583C2C7777FA00E93EB2 /* EventDetailsViewModel.swift */,
				D73932C72C66841C0065597A /* CreateEventViewModel.swift */,
			);
			path = Events;
			sourceTree = "<group>";
		};
		D73932C52C6683E60065597A /* Authentication */ = {
			isa = PBXGroup;
			children = (
				D7D3F7732C59611600B05D28 /* LaunchScreenViewController.swift */,
				D76D67ED2C5BDE2300F0B944 /* LoginViewController.swift */,
				D76D67F22C5C337F00F0B944 /* SignupViewController.swift */,
				D79C11922C5D86A90090BCC3 /* ForgotPasswordViewController.swift */,
				D72DA08B2C612D4F0091D390 /* NameAndRoleViewController.swift */,
			);
			path = Authentication;
			sourceTree = "<group>";
		};
		D73932C62C6683F90065597A /* Events */ = {
			isa = PBXGroup;
			children = (
				D73932B72C6659B30065597A /* HomeViewController.swift */,
				D73932BD2C66832F0065597A /* CreateEventViewController.swift */,
				D7BAA60D2C6B9ADA004F608E /* SetEventLocationViewController.swift */,
				D79E40DE2C76253000306CB5 /* ProfileViewController.swift */,
				D724583A2C77760400E93EB2 /* EventDetailsViewController.swift */,
				D72B2F332C7AB713009094A1 /* MyEventsViewController.swift */,
			);
			path = Events;
			sourceTree = "<group>";
		};
		D74E34F22C7356B5001BD75E /* Views */ = {
			isa = PBXGroup;
			children = (
				D7A85ED02C76B29E00190FE0 /* Custom Cells */,
			);
			path = Views;
			sourceTree = "<group>";
		};
		D755D4802C60520B006E21FC /* View Models */ = {
			isa = PBXGroup;
			children = (
				D73932C32C6683A80065597A /* Authentication */,
				D73932C42C6683C40065597A /* Events */,
				D7A85ECA2C768A3900190FE0 /* Profile */,
			);
			path = "View Models";
			sourceTree = "<group>";
		};
		D755D4832C6056E4006E21FC /* Constants */ = {
			isa = PBXGroup;
			children = (
				D7FF40C82C76778900A31421 /* SwiftUIContants.swift */,
				D783FD6B2C625FF10021F6CD /* Constants.swift */,
				D72230B62C654A9C0069E3E9 /* FirebaseModelConstants.swift */,
			);
			path = Constants;
			sourceTree = "<group>";
		};
		D76D67EF2C5C02C100F0B944 /* Designables */ = {
			isa = PBXGroup;
			children = (
				D76D67F02C5C02D800F0B944 /* UITextFieldDesignable.swift */,
			);
			path = Designables;
			sourceTree = "<group>";
		};
		D77468FD2C7EABEC00F1037C /* RealmModels */ = {
			isa = PBXGroup;
			children = (
				D77469002C7EDDF200F1037C /* EventRealmModel.swift */,
				D77469022C7EE0C500F1037C /* EventAttendeeRealmModel.swift */,
				D75CFC122C825F7D00F5F809 /* UserRealmModel.swift */,
			);
			path = RealmModels;
			sourceTree = "<group>";
		};
		D779EB1E2C74F90F003B9170 /* SwiftUI Views */ = {
			isa = PBXGroup;
			children = (
				D7A85EC92C7689EE00190FE0 /* Profile */,
			);
			path = "SwiftUI Views";
			sourceTree = "<group>";
		};
		D77A20952C5ABBC400CBB40F /* Controllers */ = {
			isa = PBXGroup;
			children = (
				D73932C52C6683E60065597A /* Authentication */,
				D73932C62C6683F90065597A /* Events */,
				D72B2F352C7AB7C1009094A1 /* UserProfile */,
			);
			path = Controllers;
			sourceTree = "<group>";
		};
		D79012EA2C7E3AFF00B1EFAF /* Data */ = {
			isa = PBXGroup;
			children = (
				D72DA0892C6118AE0091D390 /* UserModel.swift */,
				D73932BB2C665F770065597A /* EventModel.swift */,
				D74E55EC2C6C1E03002E2936 /* LocationModel.swift */,
				D7C015AD2C7CBB40007B0F84 /* EventAttendeeModel.swift */,
			);
			path = Data;
			sourceTree = "<group>";
		};
		D79012EB2C7E3B0500B1EFAF /* Filters */ = {
			isa = PBXGroup;
			children = (
				D7DC57692C6A8564007C72D4 /* UserRole.swift */,
				D72B2F392C7AC011009094A1 /* MyEventFilter.swift */,
				D7594DE82C6FA7A500A682DF /* EventCategory.swift */,
			);
			path = Filters;
			sourceTree = "<group>";
		};
		D79C118B2C5D702B0090BCC3 /* Models */ = {
			isa = PBXGroup;
			children = (
				D77468FD2C7EABEC00F1037C /* RealmModels */,
				D79012EB2C7E3B0500B1EFAF /* Filters */,
				D79012EA2C7E3AFF00B1EFAF /* Data */,
			);
			path = Models;
			sourceTree = "<group>";
		};
		D7A85EC92C7689EE00190FE0 /* Profile */ = {
			isa = PBXGroup;
			children = (
				D779EB212C753424003B9170 /* UserProfileView.swift */,
				D79E40E22C7640C000306CB5 /* EditProfileView.swift */,
				D79E40E42C7642B000306CB5 /* ChangePasswordView.swift */,
			);
			path = Profile;
			sourceTree = "<group>";
		};
		D7A85ECA2C768A3900190FE0 /* Profile */ = {
			isa = PBXGroup;
			children = (
				D79E40E02C7629E100306CB5 /* UserProfileViewModel.swift */,
				D7FF40C62C766BCA00A31421 /* EditProfileViewModel.swift */,
				D7A85ECB2C76951800190FE0 /* ChangePasswordViewModel.swift */,
			);
			path = Profile;
			sourceTree = "<group>";
		};
		D7A85ECD2C769C9100190FE0 /* CustomErrors */ = {
			isa = PBXGroup;
			children = (
				D7A85ECE2C769CA800190FE0 /* AuthError.swift */,
			);
			path = CustomErrors;
			sourceTree = "<group>";
		};
		D7A85ED02C76B29E00190FE0 /* Custom Cells */ = {
			isa = PBXGroup;
			children = (
				D74E34F32C7356FA001BD75E /* EventTableViewCell.swift */,
				D74E34F42C7356FA001BD75E /* EventTableViewCell.xib */,
				D7B182A02C73BF7A00FFF764 /* FilterTagCollectionViewCell.swift */,
				D7B182A12C73BF7A00FFF764 /* FilterTagCollectionViewCell.xib */,
				D79012E62C7DFFF100B1EFAF /* NoEventTableViewCell.swift */,
				D79012E72C7DFFF100B1EFAF /* NoEventTableViewCell.xib */,
			);
			path = "Custom Cells";
			sourceTree = "<group>";
		};
		D7A85ED22C76B2F100190FE0 /* Extensions */ = {
			isa = PBXGroup;
			children = (
				D7A85ED32C76B32400190FE0 /* EnvironmentValues+Extension.swift */,
			);
			path = Extensions;
			sourceTree = "<group>";
		};
		D7B1829D2C73AA2900FFF764 /* Utilities */ = {
			isa = PBXGroup;
			children = (
				D7B1829E2C73AA3F00FFF764 /* ValidationUtility.swift */,
				D79589A12C779D2700776B9A /* FormatUtility.swift */,
			);
			path = Utilities;
			sourceTree = "<group>";
		};
		D7D3F7632C59611600B05D28 = {
			isa = PBXGroup;
			children = (
				D7D3F76E2C59611600B05D28 /* Eventrr */,
				D7D3F7852C59611900B05D28 /* EventrrTests */,
				D7D3F78F2C59611900B05D28 /* EventrrUITests */,
				D7D3F76D2C59611600B05D28 /* Products */,
				6030752CB6E31BDC5764FB49 /* Pods */,
				CE04B910942D28C500A42645 /* Frameworks */,
			);
			sourceTree = "<group>";
		};
		D7D3F76D2C59611600B05D28 /* Products */ = {
			isa = PBXGroup;
			children = (
				D7D3F76C2C59611600B05D28 /* Eventrr.app */,
				D7D3F7822C59611900B05D28 /* EventrrTests.xctest */,
				D7D3F78C2C59611900B05D28 /* EventrrUITests.xctest */,
			);
			name = Products;
			sourceTree = "<group>";
		};
		D7D3F76E2C59611600B05D28 /* Eventrr */ = {
			isa = PBXGroup;
			children = (
				D7A85ED22C76B2F100190FE0 /* Extensions */,
				D7A85ECD2C769C9100190FE0 /* CustomErrors */,
				D7B1829D2C73AA2900FFF764 /* Utilities */,
				D74E34F22C7356B5001BD75E /* Views */,
				D755D4832C6056E4006E21FC /* Constants */,
				D755D4802C60520B006E21FC /* View Models */,
				D79C118B2C5D702B0090BCC3 /* Models */,
				D76D67EF2C5C02C100F0B944 /* Designables */,
				D77A20952C5ABBC400CBB40F /* Controllers */,
				D7D3F79F2C596AAA00B05D28 /* Services */,
				D7D3F76F2C59611600B05D28 /* AppDelegate.swift */,
				D7D3F7712C59611600B05D28 /* SceneDelegate.swift */,
				D7D3F77A2C59611800B05D28 /* LaunchScreen.storyboard */,
				D78E9D112C738E0200BC7875 /* Events.storyboard */,
				D7D3F7752C59611600B05D28 /* Main.storyboard */,
				D7D3F7782C59611800B05D28 /* Assets.xcassets */,
				D7D3F77D2C59611800B05D28 /* Info.plist */,
				D7D3F7A22C596C2700B05D28 /* GoogleService-Info.plist */,
			);
			path = Eventrr;
			sourceTree = "<group>";
		};
		D7D3F7852C59611900B05D28 /* EventrrTests */ = {
			isa = PBXGroup;
			children = (
				D7B323C72C85B8FF00EAB21D /* CreateEventViewModelTests.swift */,
				D7B323C92C85DE3200EAB21D /* ChangePasswordViewModelTests.swift */,
				D7B323CB2C85E1DB00EAB21D /* ValidationUtilityTests.swift */,
			);
			path = EventrrTests;
			sourceTree = "<group>";
		};
		D7D3F78F2C59611900B05D28 /* EventrrUITests */ = {
			isa = PBXGroup;
			children = (
				D7D3F7902C59611900B05D28 /* EventrrUITests.swift */,
				D7D3F7922C59611900B05D28 /* EventrrUITestsLaunchTests.swift */,
			);
			path = EventrrUITests;
			sourceTree = "<group>";
		};
		D7D3F79F2C596AAA00B05D28 /* Services */ = {
			isa = PBXGroup;
			children = (
				D7D3F7A02C596AFE00B05D28 /* FirebaseService.swift */,
				D755D4812C605223006E21FC /* PopupService.swift */,
				D7DC576B2C6A8D0D007C72D4 /* UserService.swift */,
				D77468FB2C7EAB4600F1037C /* RealmService.swift */,
				D77468FE2C7EAFFD00F1037C /* NotificationService.swift */,
				D75CFC102C8252BD00F5F809 /* NetworkConnectionStatusService.swift */,
			);
			path = Services;
			sourceTree = "<group>";
		};
/* End PBXGroup section */

/* Begin PBXNativeTarget section */
		D7D3F76B2C59611600B05D28 /* Eventrr */ = {
			isa = PBXNativeTarget;
			buildConfigurationList = D7D3F7962C59611900B05D28 /* Build configuration list for PBXNativeTarget "Eventrr" */;
			buildPhases = (
				9B9B587B47995E9F0F59F895 /* [CP] Check Pods Manifest.lock */,
				D7D3F7682C59611600B05D28 /* Sources */,
				D7D3F7692C59611600B05D28 /* Frameworks */,
				D7D3F76A2C59611600B05D28 /* Resources */,
				C467B6E101E35858853A765B /* [CP] Embed Pods Frameworks */,
			);
			buildRules = (
			);
			dependencies = (
			);
			name = Eventrr;
			productName = Eventrr;
			productReference = D7D3F76C2C59611600B05D28 /* Eventrr.app */;
			productType = "com.apple.product-type.application";
		};
		D7D3F7812C59611900B05D28 /* EventrrTests */ = {
			isa = PBXNativeTarget;
			buildConfigurationList = D7D3F7992C59611900B05D28 /* Build configuration list for PBXNativeTarget "EventrrTests" */;
			buildPhases = (
				EC652FDD421D566F308BFCED /* [CP] Check Pods Manifest.lock */,
				D7D3F77E2C59611900B05D28 /* Sources */,
				D7D3F77F2C59611900B05D28 /* Frameworks */,
				D7D3F7802C59611900B05D28 /* Resources */,
			);
			buildRules = (
			);
			dependencies = (
				D7D3F7842C59611900B05D28 /* PBXTargetDependency */,
			);
			name = EventrrTests;
			productName = EventrrTests;
			productReference = D7D3F7822C59611900B05D28 /* EventrrTests.xctest */;
			productType = "com.apple.product-type.bundle.unit-test";
		};
		D7D3F78B2C59611900B05D28 /* EventrrUITests */ = {
			isa = PBXNativeTarget;
			buildConfigurationList = D7D3F79C2C59611900B05D28 /* Build configuration list for PBXNativeTarget "EventrrUITests" */;
			buildPhases = (
				FED34326381E1EE48D1BEACD /* [CP] Check Pods Manifest.lock */,
				D7D3F7882C59611900B05D28 /* Sources */,
				D7D3F7892C59611900B05D28 /* Frameworks */,
				D7D3F78A2C59611900B05D28 /* Resources */,
				4C8E66F4AD2FA286F2C8DC1F /* [CP] Embed Pods Frameworks */,
			);
			buildRules = (
			);
			dependencies = (
				D7D3F78E2C59611900B05D28 /* PBXTargetDependency */,
			);
			name = EventrrUITests;
			productName = EventrrUITests;
			productReference = D7D3F78C2C59611900B05D28 /* EventrrUITests.xctest */;
			productType = "com.apple.product-type.bundle.ui-testing";
		};
/* End PBXNativeTarget section */

/* Begin PBXProject section */
		D7D3F7642C59611600B05D28 /* Project object */ = {
			isa = PBXProject;
			attributes = {
				BuildIndependentTargetsInParallel = 1;
				LastSwiftUpdateCheck = 1420;
				LastUpgradeCheck = 1540;
				TargetAttributes = {
					D7D3F76B2C59611600B05D28 = {
						CreatedOnToolsVersion = 14.2;
					};
					D7D3F7812C59611900B05D28 = {
						CreatedOnToolsVersion = 14.2;
						TestTargetID = D7D3F76B2C59611600B05D28;
					};
					D7D3F78B2C59611900B05D28 = {
						CreatedOnToolsVersion = 14.2;
						TestTargetID = D7D3F76B2C59611600B05D28;
					};
				};
			};
			buildConfigurationList = D7D3F7672C59611600B05D28 /* Build configuration list for PBXProject "Eventrr" */;
			compatibilityVersion = "Xcode 14.0";
			developmentRegion = en;
			hasScannedForEncodings = 0;
			knownRegions = (
				en,
				Base,
			);
			mainGroup = D7D3F7632C59611600B05D28;
			productRefGroup = D7D3F76D2C59611600B05D28 /* Products */;
			projectDirPath = "";
			projectRoot = "";
			targets = (
				D7D3F76B2C59611600B05D28 /* Eventrr */,
				D7D3F7812C59611900B05D28 /* EventrrTests */,
				D7D3F78B2C59611900B05D28 /* EventrrUITests */,
			);
		};
/* End PBXProject section */

/* Begin PBXResourcesBuildPhase section */
		D7D3F76A2C59611600B05D28 /* Resources */ = {
			isa = PBXResourcesBuildPhase;
			buildActionMask = 2147483647;
			files = (
				D7D3F77C2C59611800B05D28 /* LaunchScreen.storyboard in Resources */,
				D7D3F7A32C596C2800B05D28 /* GoogleService-Info.plist in Resources */,
				D7B182A32C73BF7A00FFF764 /* FilterTagCollectionViewCell.xib in Resources */,
				D79012E82C7DFFF100B1EFAF /* NoEventTableViewCell.xib in Resources */,
				D7D3F7792C59611800B05D28 /* Assets.xcassets in Resources */,
				D7D3F7772C59611600B05D28 /* Main.storyboard in Resources */,
				D74E34F62C7356FA001BD75E /* EventTableViewCell.xib in Resources */,
				D78E9D122C738E0200BC7875 /* Events.storyboard in Resources */,
			);
			runOnlyForDeploymentPostprocessing = 0;
		};
		D7D3F7802C59611900B05D28 /* Resources */ = {
			isa = PBXResourcesBuildPhase;
			buildActionMask = 2147483647;
			files = (
			);
			runOnlyForDeploymentPostprocessing = 0;
		};
		D7D3F78A2C59611900B05D28 /* Resources */ = {
			isa = PBXResourcesBuildPhase;
			buildActionMask = 2147483647;
			files = (
			);
			runOnlyForDeploymentPostprocessing = 0;
		};
/* End PBXResourcesBuildPhase section */

/* Begin PBXShellScriptBuildPhase section */
		4C8E66F4AD2FA286F2C8DC1F /* [CP] Embed Pods Frameworks */ = {
			isa = PBXShellScriptBuildPhase;
			buildActionMask = 2147483647;
			files = (
			);
			inputFileListPaths = (
				"${PODS_ROOT}/Target Support Files/Pods-Eventrr-EventrrUITests/Pods-Eventrr-EventrrUITests-frameworks-${CONFIGURATION}-input-files.xcfilelist",
			);
			name = "[CP] Embed Pods Frameworks";
			outputFileListPaths = (
				"${PODS_ROOT}/Target Support Files/Pods-Eventrr-EventrrUITests/Pods-Eventrr-EventrrUITests-frameworks-${CONFIGURATION}-output-files.xcfilelist",
			);
			runOnlyForDeploymentPostprocessing = 0;
			shellPath = /bin/sh;
			shellScript = "\"${PODS_ROOT}/Target Support Files/Pods-Eventrr-EventrrUITests/Pods-Eventrr-EventrrUITests-frameworks.sh\"\n";
			showEnvVarsInLog = 0;
		};
		9B9B587B47995E9F0F59F895 /* [CP] Check Pods Manifest.lock */ = {
			isa = PBXShellScriptBuildPhase;
			buildActionMask = 2147483647;
			files = (
			);
			inputFileListPaths = (
			);
			inputPaths = (
				"${PODS_PODFILE_DIR_PATH}/Podfile.lock",
				"${PODS_ROOT}/Manifest.lock",
			);
			name = "[CP] Check Pods Manifest.lock";
			outputFileListPaths = (
			);
			outputPaths = (
				"$(DERIVED_FILE_DIR)/Pods-Eventrr-checkManifestLockResult.txt",
			);
			runOnlyForDeploymentPostprocessing = 0;
			shellPath = /bin/sh;
			shellScript = "diff \"${PODS_PODFILE_DIR_PATH}/Podfile.lock\" \"${PODS_ROOT}/Manifest.lock\" > /dev/null\nif [ $? != 0 ] ; then\n    # print error to STDERR\n    echo \"error: The sandbox is not in sync with the Podfile.lock. Run 'pod install' or update your CocoaPods installation.\" >&2\n    exit 1\nfi\n# This output is used by Xcode 'outputs' to avoid re-running this script phase.\necho \"SUCCESS\" > \"${SCRIPT_OUTPUT_FILE_0}\"\n";
			showEnvVarsInLog = 0;
		};
		C467B6E101E35858853A765B /* [CP] Embed Pods Frameworks */ = {
			isa = PBXShellScriptBuildPhase;
			buildActionMask = 2147483647;
			files = (
			);
			inputFileListPaths = (
				"${PODS_ROOT}/Target Support Files/Pods-Eventrr/Pods-Eventrr-frameworks-${CONFIGURATION}-input-files.xcfilelist",
			);
			name = "[CP] Embed Pods Frameworks";
			outputFileListPaths = (
				"${PODS_ROOT}/Target Support Files/Pods-Eventrr/Pods-Eventrr-frameworks-${CONFIGURATION}-output-files.xcfilelist",
			);
			runOnlyForDeploymentPostprocessing = 0;
			shellPath = /bin/sh;
			shellScript = "\"${PODS_ROOT}/Target Support Files/Pods-Eventrr/Pods-Eventrr-frameworks.sh\"\n";
			showEnvVarsInLog = 0;
		};
		EC652FDD421D566F308BFCED /* [CP] Check Pods Manifest.lock */ = {
			isa = PBXShellScriptBuildPhase;
			buildActionMask = 2147483647;
			files = (
			);
			inputFileListPaths = (
			);
			inputPaths = (
				"${PODS_PODFILE_DIR_PATH}/Podfile.lock",
				"${PODS_ROOT}/Manifest.lock",
			);
			name = "[CP] Check Pods Manifest.lock";
			outputFileListPaths = (
			);
			outputPaths = (
				"$(DERIVED_FILE_DIR)/Pods-EventrrTests-checkManifestLockResult.txt",
			);
			runOnlyForDeploymentPostprocessing = 0;
			shellPath = /bin/sh;
			shellScript = "diff \"${PODS_PODFILE_DIR_PATH}/Podfile.lock\" \"${PODS_ROOT}/Manifest.lock\" > /dev/null\nif [ $? != 0 ] ; then\n    # print error to STDERR\n    echo \"error: The sandbox is not in sync with the Podfile.lock. Run 'pod install' or update your CocoaPods installation.\" >&2\n    exit 1\nfi\n# This output is used by Xcode 'outputs' to avoid re-running this script phase.\necho \"SUCCESS\" > \"${SCRIPT_OUTPUT_FILE_0}\"\n";
			showEnvVarsInLog = 0;
		};
		FED34326381E1EE48D1BEACD /* [CP] Check Pods Manifest.lock */ = {
			isa = PBXShellScriptBuildPhase;
			buildActionMask = 2147483647;
			files = (
			);
			inputFileListPaths = (
			);
			inputPaths = (
				"${PODS_PODFILE_DIR_PATH}/Podfile.lock",
				"${PODS_ROOT}/Manifest.lock",
			);
			name = "[CP] Check Pods Manifest.lock";
			outputFileListPaths = (
			);
			outputPaths = (
				"$(DERIVED_FILE_DIR)/Pods-Eventrr-EventrrUITests-checkManifestLockResult.txt",
			);
			runOnlyForDeploymentPostprocessing = 0;
			shellPath = /bin/sh;
			shellScript = "diff \"${PODS_PODFILE_DIR_PATH}/Podfile.lock\" \"${PODS_ROOT}/Manifest.lock\" > /dev/null\nif [ $? != 0 ] ; then\n    # print error to STDERR\n    echo \"error: The sandbox is not in sync with the Podfile.lock. Run 'pod install' or update your CocoaPods installation.\" >&2\n    exit 1\nfi\n# This output is used by Xcode 'outputs' to avoid re-running this script phase.\necho \"SUCCESS\" > \"${SCRIPT_OUTPUT_FILE_0}\"\n";
			showEnvVarsInLog = 0;
		};
/* End PBXShellScriptBuildPhase section */

/* Begin PBXSourcesBuildPhase section */
		D7D3F7682C59611600B05D28 /* Sources */ = {
			isa = PBXSourcesBuildPhase;
			buildActionMask = 2147483647;
			files = (
				D79E40E32C7640C000306CB5 /* EditProfileView.swift in Sources */,
				D7C015AE2C7CBB40007B0F84 /* EventAttendeeModel.swift in Sources */,
				D72230B72C654A9C0069E3E9 /* FirebaseModelConstants.swift in Sources */,
				D7DC576C2C6A8D0D007C72D4 /* UserService.swift in Sources */,
				D75CFC132C825F7D00F5F809 /* UserRealmModel.swift in Sources */,
				D7A85ED42C76B32400190FE0 /* EnvironmentValues+Extension.swift in Sources */,
				D73932B82C6659B30065597A /* HomeViewController.swift in Sources */,
				D76D67F12C5C02D800F0B944 /* UITextFieldDesignable.swift in Sources */,
				D79012E92C7DFFF100B1EFAF /* NoEventTableViewCell.swift in Sources */,
				D77469012C7EDDF200F1037C /* EventRealmModel.swift in Sources */,
				D74E34F52C7356FA001BD75E /* EventTableViewCell.swift in Sources */,
				D74E55ED2C6C1E03002E2936 /* LocationModel.swift in Sources */,
				D7FF40C92C76778900A31421 /* SwiftUIContants.swift in Sources */,
				D79E40DF2C76253000306CB5 /* ProfileViewController.swift in Sources */,
				D73932C82C66841C0065597A /* CreateEventViewModel.swift in Sources */,
				D75CFC112C8252BD00F5F809 /* NetworkConnectionStatusService.swift in Sources */,
				D76D67EE2C5BDE2300F0B944 /* LoginViewController.swift in Sources */,
				D73932BA2C665F320065597A /* HomeViewModel.swift in Sources */,
				D79C11932C5D86A90090BCC3 /* ForgotPasswordViewController.swift in Sources */,
				D7594DE92C6FA7A500A682DF /* EventCategory.swift in Sources */,
				D7A85ECF2C769CA800190FE0 /* AuthError.swift in Sources */,
				D73932BE2C66832F0065597A /* CreateEventViewController.swift in Sources */,
				D76D67F32C5C338000F0B944 /* SignupViewController.swift in Sources */,
				D7A85ECC2C76951800190FE0 /* ChangePasswordViewModel.swift in Sources */,
				D72B2F3A2C7AC011009094A1 /* MyEventFilter.swift in Sources */,
				D7B182A22C73BF7A00FFF764 /* FilterTagCollectionViewCell.swift in Sources */,
				D72DA08E2C612D670091D390 /* NameAndRoleViewModel.swift in Sources */,
				D7CA65462C7D3A1E0050802F /* ForgotPasswordViewModel.swift in Sources */,
				D7D3F7742C59611600B05D28 /* LaunchScreenViewController.swift in Sources */,
				D76EF35E2C60611200E5889B /* SignupViewModel.swift in Sources */,
				D7D3F7702C59611600B05D28 /* AppDelegate.swift in Sources */,
				D72B2F382C7AB812009094A1 /* MyEventsViewModel.swift in Sources */,
				D76EF35C2C605F7C00E5889B /* LoginViewModel.swift in Sources */,
				D7FF40C72C766BCA00A31421 /* EditProfileViewModel.swift in Sources */,
				D79589A22C779D2700776B9A /* FormatUtility.swift in Sources */,
				D7B1829F2C73AA3F00FFF764 /* ValidationUtility.swift in Sources */,
				D77469032C7EE0C500F1037C /* EventAttendeeRealmModel.swift in Sources */,
				D7BAA60E2C6B9ADA004F608E /* SetEventLocationViewController.swift in Sources */,
				D72B2F342C7AB713009094A1 /* MyEventsViewController.swift in Sources */,
				D7D3F7A12C596AFE00B05D28 /* FirebaseService.swift in Sources */,
				D755D4822C605223006E21FC /* PopupService.swift in Sources */,
				D7DC576A2C6A8564007C72D4 /* UserRole.swift in Sources */,
				D73932BC2C665F770065597A /* EventModel.swift in Sources */,
				D779EB222C753424003B9170 /* UserProfileView.swift in Sources */,
				D72DA08A2C6118AE0091D390 /* UserModel.swift in Sources */,
				D724583B2C77760400E93EB2 /* EventDetailsViewController.swift in Sources */,
				D77468FF2C7EAFFD00F1037C /* NotificationService.swift in Sources */,
				D79E40E52C7642B000306CB5 /* ChangePasswordView.swift in Sources */,
				D79E40E12C7629E100306CB5 /* UserProfileViewModel.swift in Sources */,
				D7D3F7722C59611600B05D28 /* SceneDelegate.swift in Sources */,
				D72DA08C2C612D4F0091D390 /* NameAndRoleViewController.swift in Sources */,
				D783FD6C2C625FF10021F6CD /* Constants.swift in Sources */,
				D724583D2C7777FA00E93EB2 /* EventDetailsViewModel.swift in Sources */,
				D77468FC2C7EAB4600F1037C /* RealmService.swift in Sources */,
			);
			runOnlyForDeploymentPostprocessing = 0;
		};
		D7D3F77E2C59611900B05D28 /* Sources */ = {
			isa = PBXSourcesBuildPhase;
			buildActionMask = 2147483647;
			files = (
				D7B323CC2C85E1DC00EAB21D /* ValidationUtilityTests.swift in Sources */,
				D7B323C82C85B8FF00EAB21D /* CreateEventViewModelTests.swift in Sources */,
				D7B323CA2C85DE3200EAB21D /* ChangePasswordViewModelTests.swift in Sources */,
			);
			runOnlyForDeploymentPostprocessing = 0;
		};
		D7D3F7882C59611900B05D28 /* Sources */ = {
			isa = PBXSourcesBuildPhase;
			buildActionMask = 2147483647;
			files = (
				D7D3F7912C59611900B05D28 /* EventrrUITests.swift in Sources */,
				D7D3F7932C59611900B05D28 /* EventrrUITestsLaunchTests.swift in Sources */,
			);
			runOnlyForDeploymentPostprocessing = 0;
		};
/* End PBXSourcesBuildPhase section */

/* Begin PBXTargetDependency section */
		D7D3F7842C59611900B05D28 /* PBXTargetDependency */ = {
			isa = PBXTargetDependency;
			target = D7D3F76B2C59611600B05D28 /* Eventrr */;
			targetProxy = D7D3F7832C59611900B05D28 /* PBXContainerItemProxy */;
		};
		D7D3F78E2C59611900B05D28 /* PBXTargetDependency */ = {
			isa = PBXTargetDependency;
			target = D7D3F76B2C59611600B05D28 /* Eventrr */;
			targetProxy = D7D3F78D2C59611900B05D28 /* PBXContainerItemProxy */;
		};
/* End PBXTargetDependency section */

/* Begin PBXVariantGroup section */
		D7D3F7752C59611600B05D28 /* Main.storyboard */ = {
			isa = PBXVariantGroup;
			children = (
				D7D3F7762C59611600B05D28 /* Base */,
			);
			name = Main.storyboard;
			sourceTree = "<group>";
		};
		D7D3F77A2C59611800B05D28 /* LaunchScreen.storyboard */ = {
			isa = PBXVariantGroup;
			children = (
				D7D3F77B2C59611800B05D28 /* Base */,
			);
			name = LaunchScreen.storyboard;
			sourceTree = "<group>";
		};
/* End PBXVariantGroup section */

/* Begin XCBuildConfiguration section */
		D7D3F7942C59611900B05D28 /* Debug */ = {
			isa = XCBuildConfiguration;
			buildSettings = {
				ALWAYS_SEARCH_USER_PATHS = NO;
				CLANG_ANALYZER_NONNULL = YES;
				CLANG_ANALYZER_NUMBER_OBJECT_CONVERSION = YES_AGGRESSIVE;
				CLANG_CXX_LANGUAGE_STANDARD = "gnu++20";
				CLANG_ENABLE_MODULES = YES;
				CLANG_ENABLE_OBJC_ARC = YES;
				CLANG_ENABLE_OBJC_WEAK = YES;
				CLANG_WARN_BLOCK_CAPTURE_AUTORELEASING = YES;
				CLANG_WARN_BOOL_CONVERSION = YES;
				CLANG_WARN_COMMA = YES;
				CLANG_WARN_CONSTANT_CONVERSION = YES;
				CLANG_WARN_DEPRECATED_OBJC_IMPLEMENTATIONS = YES;
				CLANG_WARN_DIRECT_OBJC_ISA_USAGE = YES_ERROR;
				CLANG_WARN_DOCUMENTATION_COMMENTS = YES;
				CLANG_WARN_EMPTY_BODY = YES;
				CLANG_WARN_ENUM_CONVERSION = YES;
				CLANG_WARN_INFINITE_RECURSION = YES;
				CLANG_WARN_INT_CONVERSION = YES;
				CLANG_WARN_NON_LITERAL_NULL_CONVERSION = YES;
				CLANG_WARN_OBJC_IMPLICIT_RETAIN_SELF = YES;
				CLANG_WARN_OBJC_LITERAL_CONVERSION = YES;
				CLANG_WARN_OBJC_ROOT_CLASS = YES_ERROR;
				CLANG_WARN_QUOTED_INCLUDE_IN_FRAMEWORK_HEADER = YES;
				CLANG_WARN_RANGE_LOOP_ANALYSIS = YES;
				CLANG_WARN_STRICT_PROTOTYPES = YES;
				CLANG_WARN_SUSPICIOUS_MOVE = YES;
				CLANG_WARN_UNGUARDED_AVAILABILITY = YES_AGGRESSIVE;
				CLANG_WARN_UNREACHABLE_CODE = YES;
				CLANG_WARN__DUPLICATE_METHOD_MATCH = YES;
				COPY_PHASE_STRIP = NO;
				DEBUG_INFORMATION_FORMAT = dwarf;
				ENABLE_STRICT_OBJC_MSGSEND = YES;
				ENABLE_TESTABILITY = YES;
				ENABLE_USER_SCRIPT_SANDBOXING = NO;
				GCC_C_LANGUAGE_STANDARD = gnu11;
				GCC_DYNAMIC_NO_PIC = NO;
				GCC_NO_COMMON_BLOCKS = YES;
				GCC_OPTIMIZATION_LEVEL = 0;
				GCC_PREPROCESSOR_DEFINITIONS = (
					"DEBUG=1",
					"$(inherited)",
				);
				GCC_WARN_64_TO_32_BIT_CONVERSION = YES;
				GCC_WARN_ABOUT_RETURN_TYPE = YES_ERROR;
				GCC_WARN_UNDECLARED_SELECTOR = YES;
				GCC_WARN_UNINITIALIZED_AUTOS = YES_AGGRESSIVE;
				GCC_WARN_UNUSED_FUNCTION = YES;
				GCC_WARN_UNUSED_VARIABLE = YES;
				IPHONEOS_DEPLOYMENT_TARGET = 16.2;
				MTL_ENABLE_DEBUG_INFO = INCLUDE_SOURCE;
				MTL_FAST_MATH = YES;
				ONLY_ACTIVE_ARCH = YES;
				SDKROOT = iphoneos;
				SWIFT_ACTIVE_COMPILATION_CONDITIONS = DEBUG;
				SWIFT_OPTIMIZATION_LEVEL = "-Onone";
			};
			name = Debug;
		};
		D7D3F7952C59611900B05D28 /* Release */ = {
			isa = XCBuildConfiguration;
			buildSettings = {
				ALWAYS_SEARCH_USER_PATHS = NO;
				CLANG_ANALYZER_NONNULL = YES;
				CLANG_ANALYZER_NUMBER_OBJECT_CONVERSION = YES_AGGRESSIVE;
				CLANG_CXX_LANGUAGE_STANDARD = "gnu++20";
				CLANG_ENABLE_MODULES = YES;
				CLANG_ENABLE_OBJC_ARC = YES;
				CLANG_ENABLE_OBJC_WEAK = YES;
				CLANG_WARN_BLOCK_CAPTURE_AUTORELEASING = YES;
				CLANG_WARN_BOOL_CONVERSION = YES;
				CLANG_WARN_COMMA = YES;
				CLANG_WARN_CONSTANT_CONVERSION = YES;
				CLANG_WARN_DEPRECATED_OBJC_IMPLEMENTATIONS = YES;
				CLANG_WARN_DIRECT_OBJC_ISA_USAGE = YES_ERROR;
				CLANG_WARN_DOCUMENTATION_COMMENTS = YES;
				CLANG_WARN_EMPTY_BODY = YES;
				CLANG_WARN_ENUM_CONVERSION = YES;
				CLANG_WARN_INFINITE_RECURSION = YES;
				CLANG_WARN_INT_CONVERSION = YES;
				CLANG_WARN_NON_LITERAL_NULL_CONVERSION = YES;
				CLANG_WARN_OBJC_IMPLICIT_RETAIN_SELF = YES;
				CLANG_WARN_OBJC_LITERAL_CONVERSION = YES;
				CLANG_WARN_OBJC_ROOT_CLASS = YES_ERROR;
				CLANG_WARN_QUOTED_INCLUDE_IN_FRAMEWORK_HEADER = YES;
				CLANG_WARN_RANGE_LOOP_ANALYSIS = YES;
				CLANG_WARN_STRICT_PROTOTYPES = YES;
				CLANG_WARN_SUSPICIOUS_MOVE = YES;
				CLANG_WARN_UNGUARDED_AVAILABILITY = YES_AGGRESSIVE;
				CLANG_WARN_UNREACHABLE_CODE = YES;
				CLANG_WARN__DUPLICATE_METHOD_MATCH = YES;
				COPY_PHASE_STRIP = NO;
				DEBUG_INFORMATION_FORMAT = "dwarf-with-dsym";
				ENABLE_NS_ASSERTIONS = NO;
				ENABLE_STRICT_OBJC_MSGSEND = YES;
				ENABLE_USER_SCRIPT_SANDBOXING = NO;
				GCC_C_LANGUAGE_STANDARD = gnu11;
				GCC_NO_COMMON_BLOCKS = YES;
				GCC_WARN_64_TO_32_BIT_CONVERSION = YES;
				GCC_WARN_ABOUT_RETURN_TYPE = YES_ERROR;
				GCC_WARN_UNDECLARED_SELECTOR = YES;
				GCC_WARN_UNINITIALIZED_AUTOS = YES_AGGRESSIVE;
				GCC_WARN_UNUSED_FUNCTION = YES;
				GCC_WARN_UNUSED_VARIABLE = YES;
				IPHONEOS_DEPLOYMENT_TARGET = 16.2;
				MTL_ENABLE_DEBUG_INFO = NO;
				MTL_FAST_MATH = YES;
				SDKROOT = iphoneos;
				SWIFT_COMPILATION_MODE = wholemodule;
				SWIFT_OPTIMIZATION_LEVEL = "-O";
				VALIDATE_PRODUCT = YES;
			};
			name = Release;
		};
		D7D3F7972C59611900B05D28 /* Debug */ = {
			isa = XCBuildConfiguration;
			baseConfigurationReference = 4DAD6956B89C9D7EDE32C7F1 /* Pods-Eventrr.debug.xcconfig */;
			buildSettings = {
				ASSETCATALOG_COMPILER_APPICON_NAME = AppIcon;
				ASSETCATALOG_COMPILER_GLOBAL_ACCENT_COLOR_NAME = AccentColor;
				CODE_SIGN_STYLE = Automatic;
				CURRENT_PROJECT_VERSION = 1;
				DEVELOPMENT_TEAM = Y5FKFX4H3S;
				GENERATE_INFOPLIST_FILE = YES;
				INFOPLIST_FILE = Eventrr/Info.plist;
				INFOPLIST_KEY_NSLocationAlwaysAndWhenInUseUsageDescription = "This app requires your location for setting events location.";
				INFOPLIST_KEY_NSLocationAlwaysUsageDescription = "This app requires your location for setting events location.";
				INFOPLIST_KEY_NSLocationUsageDescription = "This app requires your location for setting events location.";
				INFOPLIST_KEY_NSLocationWhenInUseUsageDescription = "This app requires your location for setting events location.";
				INFOPLIST_KEY_UIApplicationSupportsIndirectInputEvents = YES;
				INFOPLIST_KEY_UILaunchStoryboardName = LaunchScreen;
				INFOPLIST_KEY_UIMainStoryboardFile = Main;
				INFOPLIST_KEY_UIStatusBarStyle = "";
				INFOPLIST_KEY_UISupportedInterfaceOrientations_iPad = "UIInterfaceOrientationPortrait UIInterfaceOrientationPortraitUpsideDown";
				INFOPLIST_KEY_UISupportedInterfaceOrientations_iPhone = UIInterfaceOrientationPortrait;
				IPHONEOS_DEPLOYMENT_TARGET = 17.0;
				LD_RUNPATH_SEARCH_PATHS = (
					"$(inherited)",
					"@executable_path/Frameworks",
				);
				MARKETING_VERSION = 1.0;
				PRODUCT_BUNDLE_IDENTIFIER = irtiza.Eventrr;
				PRODUCT_NAME = "$(TARGET_NAME)";
				SWIFT_EMIT_LOC_STRINGS = YES;
				SWIFT_VERSION = 5.0;
				TARGETED_DEVICE_FAMILY = "1,2";
			};
			name = Debug;
		};
		D7D3F7982C59611900B05D28 /* Release */ = {
			isa = XCBuildConfiguration;
			baseConfigurationReference = 066E583310B0F22162F3A1DA /* Pods-Eventrr.release.xcconfig */;
			buildSettings = {
				ASSETCATALOG_COMPILER_APPICON_NAME = AppIcon;
				ASSETCATALOG_COMPILER_GLOBAL_ACCENT_COLOR_NAME = AccentColor;
				CODE_SIGN_STYLE = Automatic;
				CURRENT_PROJECT_VERSION = 1;
				DEVELOPMENT_TEAM = Y5FKFX4H3S;
				GENERATE_INFOPLIST_FILE = YES;
				INFOPLIST_FILE = Eventrr/Info.plist;
				INFOPLIST_KEY_NSLocationAlwaysAndWhenInUseUsageDescription = "This app requires your location for setting events location.";
				INFOPLIST_KEY_NSLocationAlwaysUsageDescription = "This app requires your location for setting events location.";
				INFOPLIST_KEY_NSLocationUsageDescription = "This app requires your location for setting events location.";
				INFOPLIST_KEY_NSLocationWhenInUseUsageDescription = "This app requires your location for setting events location.";
				INFOPLIST_KEY_UIApplicationSupportsIndirectInputEvents = YES;
				INFOPLIST_KEY_UILaunchStoryboardName = LaunchScreen;
				INFOPLIST_KEY_UIMainStoryboardFile = Main;
				INFOPLIST_KEY_UIStatusBarStyle = "";
				INFOPLIST_KEY_UISupportedInterfaceOrientations_iPad = "UIInterfaceOrientationPortrait UIInterfaceOrientationPortraitUpsideDown";
				INFOPLIST_KEY_UISupportedInterfaceOrientations_iPhone = UIInterfaceOrientationPortrait;
				IPHONEOS_DEPLOYMENT_TARGET = 17.0;
				LD_RUNPATH_SEARCH_PATHS = (
					"$(inherited)",
					"@executable_path/Frameworks",
				);
				MARKETING_VERSION = 1.0;
				PRODUCT_BUNDLE_IDENTIFIER = irtiza.Eventrr;
				PRODUCT_NAME = "$(TARGET_NAME)";
				SWIFT_EMIT_LOC_STRINGS = YES;
				SWIFT_VERSION = 5.0;
				TARGETED_DEVICE_FAMILY = "1,2";
			};
			name = Release;
		};
		D7D3F79A2C59611900B05D28 /* Debug */ = {
			isa = XCBuildConfiguration;
			baseConfigurationReference = 2119FBBF3B0DA49C68DA15FA /* Pods-EventrrTests.debug.xcconfig */;
			buildSettings = {
				ALWAYS_EMBED_SWIFT_STANDARD_LIBRARIES = YES;
				BUNDLE_LOADER = "$(TEST_HOST)";
				CODE_SIGN_STYLE = Automatic;
				CURRENT_PROJECT_VERSION = 1;
				DEVELOPMENT_TEAM = Y5FKFX4H3S;
				GENERATE_INFOPLIST_FILE = YES;
				IPHONEOS_DEPLOYMENT_TARGET = 17.0;
				MARKETING_VERSION = 1.0;
				PRODUCT_BUNDLE_IDENTIFIER = irtiza.EventrrTests;
				PRODUCT_NAME = "$(TARGET_NAME)";
				SWIFT_EMIT_LOC_STRINGS = NO;
				SWIFT_VERSION = 5.0;
				TARGETED_DEVICE_FAMILY = "1,2";
				TEST_HOST = "$(BUILT_PRODUCTS_DIR)/Eventrr.app/$(BUNDLE_EXECUTABLE_FOLDER_PATH)/Eventrr";
			};
			name = Debug;
		};
		D7D3F79B2C59611900B05D28 /* Release */ = {
			isa = XCBuildConfiguration;
			baseConfigurationReference = D46A6F822E29ED181B3647FD /* Pods-EventrrTests.release.xcconfig */;
			buildSettings = {
				ALWAYS_EMBED_SWIFT_STANDARD_LIBRARIES = YES;
				BUNDLE_LOADER = "$(TEST_HOST)";
				CODE_SIGN_STYLE = Automatic;
				CURRENT_PROJECT_VERSION = 1;
				DEVELOPMENT_TEAM = Y5FKFX4H3S;
				GENERATE_INFOPLIST_FILE = YES;
				IPHONEOS_DEPLOYMENT_TARGET = 17.0;
				MARKETING_VERSION = 1.0;
				PRODUCT_BUNDLE_IDENTIFIER = irtiza.EventrrTests;
				PRODUCT_NAME = "$(TARGET_NAME)";
				SWIFT_EMIT_LOC_STRINGS = NO;
				SWIFT_VERSION = 5.0;
				TARGETED_DEVICE_FAMILY = "1,2";
				TEST_HOST = "$(BUILT_PRODUCTS_DIR)/Eventrr.app/$(BUNDLE_EXECUTABLE_FOLDER_PATH)/Eventrr";
			};
			name = Release;
		};
		D7D3F79D2C59611900B05D28 /* Debug */ = {
			isa = XCBuildConfiguration;
			baseConfigurationReference = FA1F22A282BD8556D430A697 /* Pods-Eventrr-EventrrUITests.debug.xcconfig */;
			buildSettings = {
				ALWAYS_EMBED_SWIFT_STANDARD_LIBRARIES = YES;
				CODE_SIGN_STYLE = Automatic;
				CURRENT_PROJECT_VERSION = 1;
				DEVELOPMENT_TEAM = Y5FKFX4H3S;
				GENERATE_INFOPLIST_FILE = YES;
				MARKETING_VERSION = 1.0;
				PRODUCT_BUNDLE_IDENTIFIER = irtiza.EventrrUITests;
				PRODUCT_NAME = "$(TARGET_NAME)";
				SWIFT_EMIT_LOC_STRINGS = NO;
				SWIFT_VERSION = 5.0;
				TARGETED_DEVICE_FAMILY = "1,2";
				TEST_TARGET_NAME = Eventrr;
			};
			name = Debug;
		};
		D7D3F79E2C59611900B05D28 /* Release */ = {
			isa = XCBuildConfiguration;
			baseConfigurationReference = 08C922D96E04A171CEFE6951 /* Pods-Eventrr-EventrrUITests.release.xcconfig */;
			buildSettings = {
				ALWAYS_EMBED_SWIFT_STANDARD_LIBRARIES = YES;
				CODE_SIGN_STYLE = Automatic;
				CURRENT_PROJECT_VERSION = 1;
				DEVELOPMENT_TEAM = Y5FKFX4H3S;
				GENERATE_INFOPLIST_FILE = YES;
				MARKETING_VERSION = 1.0;
				PRODUCT_BUNDLE_IDENTIFIER = irtiza.EventrrUITests;
				PRODUCT_NAME = "$(TARGET_NAME)";
				SWIFT_EMIT_LOC_STRINGS = NO;
				SWIFT_VERSION = 5.0;
				TARGETED_DEVICE_FAMILY = "1,2";
				TEST_TARGET_NAME = Eventrr;
			};
			name = Release;
		};
/* End XCBuildConfiguration section */

/* Begin XCConfigurationList section */
		D7D3F7672C59611600B05D28 /* Build configuration list for PBXProject "Eventrr" */ = {
			isa = XCConfigurationList;
			buildConfigurations = (
				D7D3F7942C59611900B05D28 /* Debug */,
				D7D3F7952C59611900B05D28 /* Release */,
			);
			defaultConfigurationIsVisible = 0;
			defaultConfigurationName = Release;
		};
		D7D3F7962C59611900B05D28 /* Build configuration list for PBXNativeTarget "Eventrr" */ = {
			isa = XCConfigurationList;
			buildConfigurations = (
				D7D3F7972C59611900B05D28 /* Debug */,
				D7D3F7982C59611900B05D28 /* Release */,
			);
			defaultConfigurationIsVisible = 0;
			defaultConfigurationName = Release;
		};
		D7D3F7992C59611900B05D28 /* Build configuration list for PBXNativeTarget "EventrrTests" */ = {
			isa = XCConfigurationList;
			buildConfigurations = (
				D7D3F79A2C59611900B05D28 /* Debug */,
				D7D3F79B2C59611900B05D28 /* Release */,
			);
			defaultConfigurationIsVisible = 0;
			defaultConfigurationName = Release;
		};
		D7D3F79C2C59611900B05D28 /* Build configuration list for PBXNativeTarget "EventrrUITests" */ = {
			isa = XCConfigurationList;
			buildConfigurations = (
				D7D3F79D2C59611900B05D28 /* Debug */,
				D7D3F79E2C59611900B05D28 /* Release */,
			);
			defaultConfigurationIsVisible = 0;
			defaultConfigurationName = Release;
		};
/* End XCConfigurationList section */
	};
	rootObject = D7D3F7642C59611600B05D28 /* Project object */;
}
